
Microsoft Visual Studio Solution File, Format Version 12.00
# Visual Studio Version 17
VisualStudioVersion = 17.7.34024.191
MinimumVisualStudioVersion = 10.0.40219.1
Project("{FAE04EC0-301F-11D3-BF4B-00C04F79EFBC}") = "ConnectFour", "MyGame2\ConnectFour.csproj", "{3346950A-5CE5-4DB5-95AF-2E580216BD9F}"
EndProject
Project("{FAE04EC0-301F-11D3-BF4B-00C04F79EFBC}") = "ConnectFourServer", "MyGameServer\ConnectFourServer.csproj", "{58537960-4D71-4683-87D7-920AC456799F}"
EndProject
Global
	GlobalSection(SolutionConfigurationPlatforms) = preSolution
		Debug|Any CPU = Debug|Any CPU
		Release|Any CPU = Release|Any CPU
	EndGlobalSection
	GlobalSection(ProjectConfigurationPlatforms) = postSolution
		{3346950A-5CE5-4DB5-95AF-2E580216BD9F}.Debug|Any CPU.ActiveCfg = Debug|Any CPU
		{3346950A-5CE5-4DB5-95AF-2E580216BD9F}.Debug|Any CPU.Build.0 = Debug|Any CPU
		{3346950A-5CE5-4DB5-95AF-2E580216BD9F}.Release|Any CPU.ActiveCfg = Release|Any CPU
		{3346950A-5CE5-4DB5-95AF-2E580216BD9F}.Release|Any CPU.Build.0 = Release|Any CPU
		{58537960-4D71-4683-87D7-920AC456799F}.Debug|Any CPU.ActiveCfg = Debug|Any CPU
		{58537960-4D71-4683-87D7-920AC456799F}.Debug|Any CPU.Build.0 = Debug|Any CPU
		{58537960-4D71-4683-87D7-920AC456799F}.Release|Any CPU.ActiveCfg = Release|Any CPU
		{58537960-4D71-4683-87D7-920AC456799F}.Release|Any CPU.Build.0 = Release|Any CPU
	EndGlobalSection
	GlobalSection(SolutionProperties) = preSolution
		HideSolutionNode = FALSE
	EndGlobalSection
	GlobalSection(ExtensibilityGlobals) = postSolution
		SolutionGuid = {1E3B5BFD-0B61-48AC-8B88-942A1406F8A8}
	EndGlobalSection
EndGlobal
